<?xml version="1.0" encoding="utf-8"?>
<Project ToolsVersion="4.0" xmlns="http://schemas.microsoft.com/developer/msbuild/2003">
  <ItemGroup>
    <Filter Include="Quellcodedateien">
      <UniqueIdentifier>{bd7f3a4b-8053-4d0e-81bc-ef66cc47f10d}</UniqueIdentifier>
      <Extensions>cpp;c;cxx;rc;def;r;odl;idl;hpj;bat</Extensions>
    </Filter>
    <Filter Include="Header-Dateien">
      <UniqueIdentifier>{9cd82183-715e-451f-8282-046323fb8640}</UniqueIdentifier>
      <Extensions>h;hpp;hxx;hm;inl</Extensions>
    </Filter>
    <Filter Include="Ressourcendateien">
      <UniqueIdentifier>{b2936e23-989e-47bd-9b90-7eda3648d76c}</UniqueIdentifier>
      <Extensions>ico;cur;bmp;dlg;rc2;rct;bin;rgs;gif;jpg;jpeg;jpe</Extensions>
    </Filter>
  </ItemGroup>
  <ItemGroup>
    <ClCompile Include="cmd.cpp">
      <Filter>Quellcodedateien</Filter>
    </ClCompile>
    <ClCompile Include="command.cpp">
      <Filter>Quellcodedateien</Filter>
    </ClCompile>
    <ClCompile Include="error.cpp">
      <Filter>Quellcodedateien</Filter>
    </ClCompile>
    <ClCompile Include="histo.cpp">
      <Filter>Quellcodedateien</Filter>
    </ClCompile>
    <ClCompile Include="protocol.cpp">
      <Filter>Quellcodedateien</Filter>
    </ClCompile>
    <ClCompile Include="psi46test.cpp">
      <Filter>Quellcodedateien</Filter>
    </ClCompile>
    <ClCompile Include="scanner.cpp">
      <Filter>Quellcodedateien</Filter>
    </ClCompile>
    <ClCompile Include="settings.cpp">
      <Filter>Quellcodedateien</Filter>
    </ClCompile>
    <ClCompile Include="test_dig.cpp">
      <Filter>Quellcodedateien</Filter>
    </ClCompile>
    <ClCompile Include="rpc.cpp">
      <Filter>Quellcodedateien</Filter>
    </ClCompile>
    <ClCompile Include="rpc_calls.cpp">
      <Filter>Quellcodedateien</Filter>
    </ClCompile>
    <ClCompile Include="pixel_dtb.cpp">
      <Filter>Quellcodedateien</Filter>
    </ClCompile>
    <ClCompile Include="pipe.cpp">
      <Filter>Quellcodedateien</Filter>
    </ClCompile>
    <ClCompile Include="analyzer.cpp">
      <Filter>Quellcodedateien</Filter>
    </ClCompile>
    <ClCompile Include="datastream.cpp">
      <Filter>Quellcodedateien</Filter>
    </ClCompile>
    <ClCompile Include="plot.cpp">
      <Filter>Quellcodedateien</Filter>
    </ClCompile>
    <ClCompile Include="usb.cpp">
      <Filter>Quellcodedateien</Filter>
    </ClCompile>
    <ClCompile Include="chipdatabase.cpp">
      <Filter>Quellcodedateien</Filter>
    </ClCompile>
    <ClCompile Include="color.cpp">
      <Filter>Quellcodedateien</Filter>
    </ClCompile>
    <ClCompile Include="ps.cpp">
      <Filter>Quellcodedateien</Filter>
    </ClCompile>
    <ClCompile Include="pixelmap.cpp">
      <Filter>Quellcodedateien</Filter>
    </ClCompile>
    <ClCompile Include="defectlist.cpp">
      <Filter>Quellcodedateien</Filter>
    </ClCompile>
    <ClCompile Include="prober.cpp">
      <Filter>Quellcodedateien</Filter>
    </ClCompile>
    <ClCompile Include="profiler.cpp">
      <Filter>Quellcodedateien</Filter>
    </ClCompile>
    <ClCompile Include="win32\rs232.cpp">
      <Filter>Quellcodedateien</Filter>
    </ClCompile>
    <ClCompile Include="rpc_error.cpp">
      <Filter>Quellcodedateien</Filter>
    </ClCompile>
  </ItemGroup>
  <ItemGroup>
    <ClInclude Include="command.h">
      <Filter>Header-Dateien</Filter>
    </ClInclude>
    <ClInclude Include="defectlist.h">
      <Filter>Header-Dateien</Filter>
    </ClInclude>
    <ClInclude Include="error.h">
      <Filter>Header-Dateien</Filter>
    </ClInclude>
    <ClInclude Include="win32\FTD2XX.H">
      <Filter>Header-Dateien</Filter>
    </ClInclude>
    <ClInclude Include="histo.h">
      <Filter>Header-Dateien</Filter>
    </ClInclude>
    <ClInclude Include="protocol.h">
      <Filter>Header-Dateien</Filter>
    </ClInclude>
    <ClInclude Include="psi46test.h">
      <Filter>Header-Dateien</Filter>
    </ClInclude>
    <ClInclude Include="rs232.h">
      <Filter>Header-Dateien</Filter>
    </ClInclude>
    <ClInclude Include="scanner.h">
      <Filter>Header-Dateien</Filter>
    </ClInclude>
    <ClInclude Include="settings.h">
      <Filter>Header-Dateien</Filter>
    </ClInclude>
    <ClInclude Include="test.h">
      <Filter>Header-Dateien</Filter>
    </ClInclude>
    <ClInclude Include="htable.h">
      <Filter>Header-Dateien</Filter>
    </ClInclude>
    <ClInclude Include="rpc.h">
      <Filter>Header-Dateien</Filter>
    </ClInclude>
    <ClInclude Include="rpc_error.h">
      <Filter>Header-Dateien</Filter>
    </ClInclude>
    <ClInclude Include="pixel_dtb.h">
      <Filter>Header-Dateien</Filter>
    </ClInclude>
    <ClInclude Include="rpc_io.h">
      <Filter>Header-Dateien</Filter>
    </ClInclude>
    <ClInclude Include="pipe.h">
      <Filter>Header-Dateien</Filter>
    </ClInclude>
    <ClInclude Include="datapipe.h">
      <Filter>Header-Dateien</Filter>
    </ClInclude>
    <ClInclude Include="datastream.h">
      <Filter>Header-Dateien</Filter>
    </ClInclude>
    <ClInclude Include="analyzer.h">
      <Filter>Header-Dateien</Filter>
    </ClInclude>
    <ClInclude Include="plot.h">
      <Filter>Header-Dateien</Filter>
    </ClInclude>
    <ClInclude Include="CImg.h">
      <Filter>Header-Dateien</Filter>
    </ClInclude>
    <ClInclude Include="usb.h">
      <Filter>Header-Dateien</Filter>
    </ClInclude>
    <ClInclude Include="chipdatabase.h">
      <Filter>Header-Dateien</Filter>
    </ClInclude>
    <ClInclude Include="ps.h">
      <Filter>Header-Dateien</Filter>
    </ClInclude>
    <ClInclude Include="color.h">
      <Filter>Header-Dateien</Filter>
    </ClInclude>
    <ClInclude Include="pixelmap.h">
      <Filter>Header-Dateien</Filter>
    </ClInclude>
    <ClInclude Include="prober.h">
      <Filter>Header-Dateien</Filter>
    </ClInclude>
    <ClInclude Include="profiler.h">
      <Filter>Header-Dateien</Filter>
    </ClInclude>
    <ClInclude Include="config.h">
      <Filter>Header-Dateien</Filter>
    </ClInclude>
  </ItemGroup>
</Project>